
Microsoft Visual Studio Solution File, Format Version 12.00
# Visual Studio Version 17
VisualStudioVersion = 17.0.31903.59
MinimumVisualStudioVersion = 10.0.40219.1
Project("{9A19103F-16F7-4668-BE54-9A1E7A4F7556}") = "4_1_Task", "4_Task\4_1_Task.csproj", "{ED365A4A-A276-423B-9A0A-EA9CDE166BC0}"
EndProject
Project("{9A19103F-16F7-4668-BE54-9A1E7A4F7556}") = "4_2_Task DoWhile", "4_2_Task\4_2_Task DoWhile.csproj", "{9EDCBA7C-EACA-48B5-ACF5-84713B2DA3D0}"
EndProject
Project("{FAE04EC0-301F-11D3-BF4B-00C04F79EFBC}") = "4_3_Task", "4_3_Task\4_3_Task.csproj", "{5F4E298A-4B6D-4B7A-BAF5-5B9AE0B8C854}"
EndProject
Global
	GlobalSection(SolutionConfigurationPlatforms) = preSolution
		Debug|Any CPU = Debug|Any CPU
		Release|Any CPU = Release|Any CPU
	EndGlobalSection
	GlobalSection(ProjectConfigurationPlatforms) = postSolution
		{ED365A4A-A276-423B-9A0A-EA9CDE166BC0}.Debug|Any CPU.ActiveCfg = Debug|Any CPU
		{ED365A4A-A276-423B-9A0A-EA9CDE166BC0}.Debug|Any CPU.Build.0 = Debug|Any CPU
		{ED365A4A-A276-423B-9A0A-EA9CDE166BC0}.Release|Any CPU.ActiveCfg = Release|Any CPU
		{ED365A4A-A276-423B-9A0A-EA9CDE166BC0}.Release|Any CPU.Build.0 = Release|Any CPU
		{9EDCBA7C-EACA-48B5-ACF5-84713B2DA3D0}.Debug|Any CPU.ActiveCfg = Debug|Any CPU
		{9EDCBA7C-EACA-48B5-ACF5-84713B2DA3D0}.Debug|Any CPU.Build.0 = Debug|Any CPU
		{9EDCBA7C-EACA-48B5-ACF5-84713B2DA3D0}.Release|Any CPU.ActiveCfg = Release|Any CPU
		{9EDCBA7C-EACA-48B5-ACF5-84713B2DA3D0}.Release|Any CPU.Build.0 = Release|Any CPU
		{5F4E298A-4B6D-4B7A-BAF5-5B9AE0B8C854}.Debug|Any CPU.ActiveCfg = Debug|Any CPU
		{5F4E298A-4B6D-4B7A-BAF5-5B9AE0B8C854}.Debug|Any CPU.Build.0 = Debug|Any CPU
		{5F4E298A-4B6D-4B7A-BAF5-5B9AE0B8C854}.Release|Any CPU.ActiveCfg = Release|Any CPU
		{5F4E298A-4B6D-4B7A-BAF5-5B9AE0B8C854}.Release|Any CPU.Build.0 = Release|Any CPU
	EndGlobalSection
	GlobalSection(SolutionProperties) = preSolution
		HideSolutionNode = FALSE
	EndGlobalSection
	GlobalSection(ExtensibilityGlobals) = postSolution
		SolutionGuid = {ED312280-8EBC-4401-B5DE-3D4BCA8D6D3E}
	EndGlobalSection
EndGlobal
